
Microsoft Visual Studio Solution File, Format Version 12.00
# Visual Studio Version 16
VisualStudioVersion = 16.0.29025.244
MinimumVisualStudioVersion = 10.0.40219.1
Project("{FAE04EC0-301F-11D3-BF4B-00C04F79EFBC}") = "ObserverPattern", "ObserverPattern\ObserverPattern.csproj", "{C3B17FB2-0CC6-4057-99F8-A2BD37D09F8E}"
EndProject
Global
	GlobalSection(SolutionConfigurationPlatforms) = preSolution
		Debug|Any CPU = Debug|Any CPU
		Release|Any CPU = Release|Any CPU
	EndGlobalSection
	GlobalSection(ProjectConfigurationPlatforms) = postSolution
		{C3B17FB2-0CC6-4057-99F8-A2BD37D09F8E}.Debug|Any CPU.ActiveCfg = Debug|Any CPU
		{C3B17FB2-0CC6-4057-99F8-A2BD37D09F8E}.Debug|Any CPU.Build.0 = Debug|Any CPU
		{C3B17FB2-0CC6-4057-99F8-A2BD37D09F8E}.Release|Any CPU.ActiveCfg = Release|Any CPU
		{C3B17FB2-0CC6-4057-99F8-A2BD37D09F8E}.Release|Any CPU.Build.0 = Release|Any CPU
	EndGlobalSection
	GlobalSection(SolutionProperties) = preSolution
		HideSolutionNode = FALSE
	EndGlobalSection
	GlobalSection(ExtensibilityGlobals) = postSolution
		SolutionGuid = {D31A7844-DD59-4E9E-B482-D7739C5E1CE6}
	EndGlobalSection
EndGlobal
